Microsoft Visual Studio Solution File, Format Version 12.00
# Visual Studio 15
VisualStudioVersion = 15.0.26730.16
MinimumVisualStudioVersion = 10.0.40219.1
Project("{9A19103F-16F7-4668-BE54-9A1E7A4F7556}") = "app", "app\app.csproj", "{4DA0B882-3DFC-4624-9BC5-B8B110F68E2F}"
EndProject
Project("{FAE04EC0-301F-11D3-BF4B-00C04F79EFBC}") = "Aurio", "libs\Aurio\Aurio\Aurio\Aurio.csproj", "{E868D91E-C5CF-46E4-BE2F-F95353ACB5E2}"
EndProject
Project("{2150E333-8FDC-42A3-9474-1A3956D46DE8}") = "libs", "libs", "{0D6E11BD-6A5B-4590-9ECC-7643638C5A92}"
EndProject
Project("{9A19103F-16F7-4668-BE54-9A1E7A4F7556}") = "app.tests", "app.tests\app.tests.csproj", "{C4C9DF4D-86FB-4EFC-8BE9-024E62753855}"
EndProject
Project("{FAE04EC0-301F-11D3-BF4B-00C04F79EFBC}") = "AcoustID", "libs\AcoustID.NET\AcoustID\AcoustID.csproj", "{6F9960C2-7DB1-48B5-99B3-B7D744FE91D2}"
EndProject
Project("{9A19103F-16F7-4668-BE54-9A1E7A4F7556}") = "MetaBrainz.MusicBrainz", "libs\MusicBrainz\MetaBrainz.MusicBrainz\MetaBrainz.MusicBrainz.csproj", "{BB53A337-6EF4-42C0-B19E-5AB69720EC2F}"
EndProject
Global
	GlobalSection(SolutionConfigurationPlatforms) = preSolution
		Debug|Any CPU = Debug|Any CPU
		Debug|x64 = Debug|x64
		Debug|x86 = Debug|x86
		Release|Any CPU = Release|Any CPU
		Release|x64 = Release|x64
		Release|x86 = Release|x86
	EndGlobalSection
	GlobalSection(ProjectConfigurationPlatforms) = postSolution
		{4DA0B882-3DFC-4624-9BC5-B8B110F68E2F}.Debug|Any CPU.ActiveCfg = Debug|Any CPU
		{4DA0B882-3DFC-4624-9BC5-B8B110F68E2F}.Debug|Any CPU.Build.0 = Debug|Any CPU
		{4DA0B882-3DFC-4624-9BC5-B8B110F68E2F}.Debug|x64.ActiveCfg = Debug|Any CPU
		{4DA0B882-3DFC-4624-9BC5-B8B110F68E2F}.Debug|x64.Build.0 = Debug|Any CPU
		{4DA0B882-3DFC-4624-9BC5-B8B110F68E2F}.Debug|x86.ActiveCfg = Debug|Any CPU
		{4DA0B882-3DFC-4624-9BC5-B8B110F68E2F}.Debug|x86.Build.0 = Debug|Any CPU
		{4DA0B882-3DFC-4624-9BC5-B8B110F68E2F}.Release|Any CPU.ActiveCfg = Release|Any CPU
		{4DA0B882-3DFC-4624-9BC5-B8B110F68E2F}.Release|Any CPU.Build.0 = Release|Any CPU
		{4DA0B882-3DFC-4624-9BC5-B8B110F68E2F}.Release|x64.ActiveCfg = Release|Any CPU
		{4DA0B882-3DFC-4624-9BC5-B8B110F68E2F}.Release|x64.Build.0 = Release|Any CPU
		{4DA0B882-3DFC-4624-9BC5-B8B110F68E2F}.Release|x86.ActiveCfg = Release|Any CPU
		{4DA0B882-3DFC-4624-9BC5-B8B110F68E2F}.Release|x86.Build.0 = Release|Any CPU
		{E868D91E-C5CF-46E4-BE2F-F95353ACB5E2}.Debug|Any CPU.ActiveCfg = Debug|Any CPU
		{E868D91E-C5CF-46E4-BE2F-F95353ACB5E2}.Debug|Any CPU.Build.0 = Debug|Any CPU
		{E868D91E-C5CF-46E4-BE2F-F95353ACB5E2}.Debug|x64.ActiveCfg = Debug|x64
		{E868D91E-C5CF-46E4-BE2F-F95353ACB5E2}.Debug|x64.Build.0 = Debug|x64
		{E868D91E-C5CF-46E4-BE2F-F95353ACB5E2}.Debug|x86.ActiveCfg = Debug|x86
		{E868D91E-C5CF-46E4-BE2F-F95353ACB5E2}.Debug|x86.Build.0 = Debug|x86
		{E868D91E-C5CF-46E4-BE2F-F95353ACB5E2}.Release|Any CPU.ActiveCfg = Release|Any CPU
		{E868D91E-C5CF-46E4-BE2F-F95353ACB5E2}.Release|Any CPU.Build.0 = Release|Any CPU
		{E868D91E-C5CF-46E4-BE2F-F95353ACB5E2}.Release|x64.ActiveCfg = Release|x64
		{E868D91E-C5CF-46E4-BE2F-F95353ACB5E2}.Release|x64.Build.0 = Release|x64
		{E868D91E-C5CF-46E4-BE2F-F95353ACB5E2}.Release|x86.ActiveCfg = Release|x86
		{E868D91E-C5CF-46E4-BE2F-F95353ACB5E2}.Release|x86.Build.0 = Release|x86
		{C4C9DF4D-86FB-4EFC-8BE9-024E62753855}.Debug|Any CPU.ActiveCfg = Debug|Any CPU
		{C4C9DF4D-86FB-4EFC-8BE9-024E62753855}.Debug|Any CPU.Build.0 = Debug|Any CPU
		{C4C9DF4D-86FB-4EFC-8BE9-024E62753855}.Debug|x64.ActiveCfg = Debug|Any CPU
		{C4C9DF4D-86FB-4EFC-8BE9-024E62753855}.Debug|x64.Build.0 = Debug|Any CPU
		{C4C9DF4D-86FB-4EFC-8BE9-024E62753855}.Debug|x86.ActiveCfg = Debug|Any CPU
		{C4C9DF4D-86FB-4EFC-8BE9-024E62753855}.Debug|x86.Build.0 = Debug|Any CPU
		{C4C9DF4D-86FB-4EFC-8BE9-024E62753855}.Release|Any CPU.ActiveCfg = Release|Any CPU
		{C4C9DF4D-86FB-4EFC-8BE9-024E62753855}.Release|Any CPU.Build.0 = Release|Any CPU
		{C4C9DF4D-86FB-4EFC-8BE9-024E62753855}.Release|x64.ActiveCfg = Release|Any CPU
		{C4C9DF4D-86FB-4EFC-8BE9-024E62753855}.Release|x64.Build.0 = Release|Any CPU
		{C4C9DF4D-86FB-4EFC-8BE9-024E62753855}.Release|x86.ActiveCfg = Release|Any CPU
		{C4C9DF4D-86FB-4EFC-8BE9-024E62753855}.Release|x86.Build.0 = Release|Any CPU
		{6F9960C2-7DB1-48B5-99B3-B7D744FE91D2}.Debug|Any CPU.ActiveCfg = Debug|Any CPU
		{6F9960C2-7DB1-48B5-99B3-B7D744FE91D2}.Debug|Any CPU.Build.0 = Debug|Any CPU
		{6F9960C2-7DB1-48B5-99B3-B7D744FE91D2}.Debug|x64.ActiveCfg = Debug|Any CPU
		{6F9960C2-7DB1-48B5-99B3-B7D744FE91D2}.Debug|x64.Build.0 = Debug|Any CPU
		{6F9960C2-7DB1-48B5-99B3-B7D744FE91D2}.Debug|x86.ActiveCfg = Debug|Any CPU
		{6F9960C2-7DB1-48B5-99B3-B7D744FE91D2}.Debug|x86.Build.0 = Debug|Any CPU
		{6F9960C2-7DB1-48B5-99B3-B7D744FE91D2}.Release|Any CPU.ActiveCfg = Release|Any CPU
		{6F9960C2-7DB1-48B5-99B3-B7D744FE91D2}.Release|Any CPU.Build.0 = Release|Any CPU
		{6F9960C2-7DB1-48B5-99B3-B7D744FE91D2}.Release|x64.ActiveCfg = Release|Any CPU
		{6F9960C2-7DB1-48B5-99B3-B7D744FE91D2}.Release|x64.Build.0 = Release|Any CPU
		{6F9960C2-7DB1-48B5-99B3-B7D744FE91D2}.Release|x86.ActiveCfg = Release|Any CPU
		{6F9960C2-7DB1-48B5-99B3-B7D744FE91D2}.Release|x86.Build.0 = Release|Any CPU
		{BB53A337-6EF4-42C0-B19E-5AB69720EC2F}.Debug|Any CPU.ActiveCfg = Debug|Any CPU
		{BB53A337-6EF4-42C0-B19E-5AB69720EC2F}.Debug|Any CPU.Build.0 = Debug|Any CPU
		{BB53A337-6EF4-42C0-B19E-5AB69720EC2F}.Debug|x64.ActiveCfg = Debug|Any CPU
		{BB53A337-6EF4-42C0-B19E-5AB69720EC2F}.Debug|x64.Build.0 = Debug|Any CPU
		{BB53A337-6EF4-42C0-B19E-5AB69720EC2F}.Debug|x86.ActiveCfg = Debug|Any CPU
		{BB53A337-6EF4-42C0-B19E-5AB69720EC2F}.Debug|x86.Build.0 = Debug|Any CPU
		{BB53A337-6EF4-42C0-B19E-5AB69720EC2F}.Release|Any CPU.ActiveCfg = Release|Any CPU
		{BB53A337-6EF4-42C0-B19E-5AB69720EC2F}.Release|Any CPU.Build.0 = Release|Any CPU
		{BB53A337-6EF4-42C0-B19E-5AB69720EC2F}.Release|x64.ActiveCfg = Release|Any CPU
		{BB53A337-6EF4-42C0-B19E-5AB69720EC2F}.Release|x64.Build.0 = Release|Any CPU
		{BB53A337-6EF4-42C0-B19E-5AB69720EC2F}.Release|x86.ActiveCfg = Release|Any CPU
		{BB53A337-6EF4-42C0-B19E-5AB69720EC2F}.Release|x86.Build.0 = Release|Any CPU
	EndGlobalSection
	GlobalSection(SolutionProperties) = preSolution
		HideSolutionNode = FALSE
	EndGlobalSection
	GlobalSection(NestedProjects) = preSolution
		{E868D91E-C5CF-46E4-BE2F-F95353ACB5E2} = {0D6E11BD-6A5B-4590-9ECC-7643638C5A92}
		{6F9960C2-7DB1-48B5-99B3-B7D744FE91D2} = {0D6E11BD-6A5B-4590-9ECC-7643638C5A92}
		{BB53A337-6EF4-42C0-B19E-5AB69720EC2F} = {0D6E11BD-6A5B-4590-9ECC-7643638C5A92}
	EndGlobalSection
	GlobalSection(ExtensibilityGlobals) = postSolution
		SolutionGuid = {EC014059-254D-487A-BE3C-DFACB6D6DBCB}
	EndGlobalSection
EndGlobal
